
Microsoft Visual Studio Solution File, Format Version 12.00
# Visual Studio Version 17
VisualStudioVersion = 17.5.33516.290
MinimumVisualStudioVersion = 10.0.40219.1
Project("{FAE04EC0-301F-11D3-BF4B-00C04F79EFBC}") = "OdliczanieOdleglosciMiedzyPkt", "OdliczanieOdleglosciMiedzyPkt.csproj", "{DA1869EE-07F6-4AD4-B3A4-486917A0E3EC}"
EndProject
Global
	GlobalSection(SolutionConfigurationPlatforms) = preSolution
		Debug|Any CPU = Debug|Any CPU
		Release|Any CPU = Release|Any CPU
	EndGlobalSection
	GlobalSection(ProjectConfigurationPlatforms) = postSolution
		{DA1869EE-07F6-4AD4-B3A4-486917A0E3EC}.Debug|Any CPU.ActiveCfg = Debug|Any CPU
		{DA1869EE-07F6-4AD4-B3A4-486917A0E3EC}.Debug|Any CPU.Build.0 = Debug|Any CPU
		{DA1869EE-07F6-4AD4-B3A4-486917A0E3EC}.Release|Any CPU.ActiveCfg = Release|Any CPU
		{DA1869EE-07F6-4AD4-B3A4-486917A0E3EC}.Release|Any CPU.Build.0 = Release|Any CPU
	EndGlobalSection
	GlobalSection(SolutionProperties) = preSolution
		HideSolutionNode = FALSE
	EndGlobalSection
	GlobalSection(ExtensibilityGlobals) = postSolution
		SolutionGuid = {6C8685B5-B1F1-45AA-8ED5-3EF13F247162}
	EndGlobalSection
EndGlobal
